
Microsoft Visual Studio Solution File, Format Version 12.00
# Visual Studio Version 16
VisualStudioVersion = 16.0.30907.101
MinimumVisualStudioVersion = 10.0.40219.1
Project("{8BC9CEB8-8B4A-11D0-8D11-00A0C91BC942}") = "w3p2", "w3p2.vcxproj", "{5DDCBCF1-63A0-4F56-A2FF-DD72D5D2B3C7}"
EndProject
Global
	GlobalSection(SolutionConfigurationPlatforms) = preSolution
		Debug|x64 = Debug|x64
		Debug|x86 = Debug|x86
		Release|x64 = Release|x64
		Release|x86 = Release|x86
	EndGlobalSection
	GlobalSection(ProjectConfigurationPlatforms) = postSolution
		{5DDCBCF1-63A0-4F56-A2FF-DD72D5D2B3C7}.Debug|x64.ActiveCfg = Debug|x64
		{5DDCBCF1-63A0-4F56-A2FF-DD72D5D2B3C7}.Debug|x64.Build.0 = Debug|x64
		{5DDCBCF1-63A0-4F56-A2FF-DD72D5D2B3C7}.Debug|x86.ActiveCfg = Debug|Win32
		{5DDCBCF1-63A0-4F56-A2FF-DD72D5D2B3C7}.Debug|x86.Build.0 = Debug|Win32
		{5DDCBCF1-63A0-4F56-A2FF-DD72D5D2B3C7}.Release|x64.ActiveCfg = Release|x64
		{5DDCBCF1-63A0-4F56-A2FF-DD72D5D2B3C7}.Release|x64.Build.0 = Release|x64
		{5DDCBCF1-63A0-4F56-A2FF-DD72D5D2B3C7}.Release|x86.ActiveCfg = Release|Win32
		{5DDCBCF1-63A0-4F56-A2FF-DD72D5D2B3C7}.Release|x86.Build.0 = Release|Win32
	EndGlobalSection
	GlobalSection(SolutionProperties) = preSolution
		HideSolutionNode = FALSE
	EndGlobalSection
	GlobalSection(ExtensibilityGlobals) = postSolution
		SolutionGuid = {36EF5845-ECD0-4040-8B3C-2C95400BE108}
	EndGlobalSection
EndGlobal
