
Microsoft Visual Studio Solution File, Format Version 12.00
# Visual Studio Version 16
VisualStudioVersion = 16.0.30907.101
MinimumVisualStudioVersion = 10.0.40219.1
Project("{8BC9CEB8-8B4A-11D0-8D11-00A0C91BC942}") = "workshop10", "workshop10.vcxproj", "{7B9F6064-CD2B-448E-B468-22DB3510F4EF}"
EndProject
Global
	GlobalSection(SolutionConfigurationPlatforms) = preSolution
		Debug|x64 = Debug|x64
		Debug|x86 = Debug|x86
		Release|x64 = Release|x64
		Release|x86 = Release|x86
	EndGlobalSection
	GlobalSection(ProjectConfigurationPlatforms) = postSolution
		{7B9F6064-CD2B-448E-B468-22DB3510F4EF}.Debug|x64.ActiveCfg = Debug|x64
		{7B9F6064-CD2B-448E-B468-22DB3510F4EF}.Debug|x64.Build.0 = Debug|x64
		{7B9F6064-CD2B-448E-B468-22DB3510F4EF}.Debug|x86.ActiveCfg = Debug|Win32
		{7B9F6064-CD2B-448E-B468-22DB3510F4EF}.Debug|x86.Build.0 = Debug|Win32
		{7B9F6064-CD2B-448E-B468-22DB3510F4EF}.Release|x64.ActiveCfg = Release|x64
		{7B9F6064-CD2B-448E-B468-22DB3510F4EF}.Release|x64.Build.0 = Release|x64
		{7B9F6064-CD2B-448E-B468-22DB3510F4EF}.Release|x86.ActiveCfg = Release|Win32
		{7B9F6064-CD2B-448E-B468-22DB3510F4EF}.Release|x86.Build.0 = Release|Win32
	EndGlobalSection
	GlobalSection(SolutionProperties) = preSolution
		HideSolutionNode = FALSE
	EndGlobalSection
	GlobalSection(ExtensibilityGlobals) = postSolution
		SolutionGuid = {6235EBF2-70DE-434A-AEFD-FAFB3944A00A}
	EndGlobalSection
EndGlobal
